
Microsoft Visual Studio Solution File, Format Version 12.00
# Visual Studio 15
VisualStudioVersion = 15.0.28307.705
MinimumVisualStudioVersion = 10.0.40219.1
Project("{FAE04EC0-301F-11D3-BF4B-00C04F79EFBC}") = "DapperExpand", "DapperExpand\DapperExpand.csproj", "{7C022F71-3332-4690-B4E7-FDC4150150B4}"
EndProject
Global
	GlobalSection(SolutionConfigurationPlatforms) = preSolution
		Debug|Any CPU = Debug|Any CPU
		Release|Any CPU = Release|Any CPU
	EndGlobalSection
	GlobalSection(ProjectConfigurationPlatforms) = postSolution
		{7C022F71-3332-4690-B4E7-FDC4150150B4}.Debug|Any CPU.ActiveCfg = Debug|Any CPU
		{7C022F71-3332-4690-B4E7-FDC4150150B4}.Debug|Any CPU.Build.0 = Debug|Any CPU
		{7C022F71-3332-4690-B4E7-FDC4150150B4}.Release|Any CPU.ActiveCfg = Release|Any CPU
		{7C022F71-3332-4690-B4E7-FDC4150150B4}.Release|Any CPU.Build.0 = Release|Any CPU
	EndGlobalSection
	GlobalSection(SolutionProperties) = preSolution
		HideSolutionNode = FALSE
	EndGlobalSection
	GlobalSection(ExtensibilityGlobals) = postSolution
		SolutionGuid = {39366AE3-2FBE-4DF9-9856-13AA1E92359C}
	EndGlobalSection
EndGlobal
